// !$*UTF8*$!
{
	archiveVersion = 1;
	classes = {
	};
	objectVersion = 46;
	objects = {

/* Begin PBXBuildFile section */
		EBF6705E1A3230A3008A6EA7 /* CPP_335_23_0015_0052.cpp in Sources */ = {isa = PBXBuildFile; fileRef = EBF6705D1A3230A3008A6EA7 /* CPP_335_23_0015_0052.cpp */; };
/* End PBXBuildFile section */

/* Begin PBXCopyFilesBuildPhase section */
		EB044D281A321B8700CE7187 /* CopyFiles */ = {
			isa = PBXCopyFilesBuildPhase;
			buildActionMask = 2147483647;
			dstPath = /usr/share/man/man1/;
			dstSubfolderSpec = 0;
			files = (
			);
			runOnlyForDeploymentPostprocessing = 1;
		};
/* End PBXCopyFilesBuildPhase section */

/* Begin PBXFileReference section */
		EB044D2A1A321B8700CE7187 /* BPA-Regionals */ = {isa = PBXFileReference; explicitFileType = "compiled.mach-o.executable"; includeInIndex = 0; path = "BPA-Regionals"; sourceTree = BUILT_PRODUCTS_DIR; };
		EBF6705D1A3230A3008A6EA7 /* CPP_335_23_0015_0052.cpp */ = {isa = PBXFileReference; fileEncoding = 4; lastKnownFileType = sourcecode.cpp.cpp; path = CPP_335_23_0015_0052.cpp; sourceTree = "<group>"; };
/* End PBXFileReference section */

/* Begin PBXFrameworksBuildPhase section */
		EB044D271A321B8700CE7187 /* Frameworks */ = {
			isa = PBXFrameworksBuildPhase;
			buildActionMask = 2147483647;
			files = (
			);
			runOnlyForDeploymentPostprocessing = 0;
		};
/* End PBXFrameworksBuildPhase section */

/* Begin PBXGroup section */
		EB044D211A321B8700CE7187 = {
			isa = PBXGroup;
			children = (
				EB044D2C1A321B8700CE7187 /* BPA-Regionals */,
				EB044D2B1A321B8700CE7187 /* Products */,
			);
			sourceTree = "<group>";
		};
		EB044D2B1A321B8700CE7187 /* Products */ = {
			isa = PBXGroup;
			children = (
				EB044D2A1A321B8700CE7187 /* BPA-Regionals */,
			);
			name = Products;
			sourceTree = "<group>";
		};
		EB044D2C1A321B8700CE7187 /* BPA-Regionals */ = {
			isa = PBXGroup;
			children = (
				EBF6705D1A3230A3008A6EA7 /* CPP_335_23_0015_0052.cpp */,
			);
			path = "BPA-Regionals";
			sourceTree = "<group>";
		};
/* End PBXGroup section */

/* Begin PBXNativeTarget section */
		EB044D291A321B8700CE7187 /* BPA-Regionals */ = {
			isa = PBXNativeTarget;
			buildConfigurationList = EB044D311A321B8700CE7187 /* Build configuration list for PBXNativeTarget "BPA-Regionals" */;
			buildPhases = (
				EB044D261A321B8700CE7187 /* Sources */,
				EB044D271A321B8700CE7187 /* Frameworks */,
				EB044D281A321B8700CE7187 /* CopyFiles */,
			);
			buildRules = (
			);
			dependencies = (
			);
			name = "BPA-Regionals";
			productName = "BPA-Regionals";
			productReference = EB044D2A1A321B8700CE7187 /* BPA-Regionals */;
			productType = "com.apple.product-type.tool";
		};
/* End PBXNativeTarget section */

/* Begin PBXProject section */
		EB044D221A321B8700CE7187 /* Project object */ = {
			isa = PBXProject;
			attributes = {
				LastUpgradeCheck = 0620;
				ORGANIZATIONNAME = "Niraj Pant";
				TargetAttributes = {
					EB044D291A321B8700CE7187 = {
						CreatedOnToolsVersion = 6.2;
					};
				};
			};
			buildConfigurationList = EB044D251A321B8700CE7187 /* Build configuration list for PBXProject "BPA-Regionals" */;
			compatibilityVersion = "Xcode 3.2";
			developmentRegion = English;
			hasScannedForEncodings = 0;
			knownRegions = (
				en,
			);
			mainGroup = EB044D211A321B8700CE7187;
			productRefGroup = EB044D2B1A321B8700CE7187 /* Products */;
			projectDirPath = "";
			projectRoot = "";
			targets = (
				EB044D291A321B8700CE7187 /* BPA-Regionals */,
			);
		};
/* End PBXProject section */

/* Begin PBXSourcesBuildPhase section */
		EB044D261A321B8700CE7187 /* Sources */ = {
			isa = PBXSourcesBuildPhase;
			buildActionMask = 2147483647;
			files = (
				EBF6705E1A3230A3008A6EA7 /* CPP_335_23_0015_0052.cpp in Sources */,
			);
			runOnlyForDeploymentPostprocessing = 0;
		};
/* End PBXSourcesBuildPhase section */

/* Begin XCBuildConfiguration section */
		EB044D2F1A321B8700CE7187 /* Debug */ = {
			isa = XCBuildConfiguration;
			buildSettings = {
				ALWAYS_SEARCH_USER_PATHS = NO;
				CLANG_CXX_LANGUAGE_STANDARD = "gnu++0x";
				CLANG_CXX_LIBRARY = "libc++";
				CLANG_ENABLE_MODULES = YES;
				CLANG_ENABLE_OBJC_ARC = YES;
				CLANG_WARN_BOOL_CONVERSION = YES;
				CLANG_WARN_CONSTANT_CONVERSION = YES;
				CLANG_WARN_DIRECT_OBJC_ISA_USAGE = YES_ERROR;
				CLANG_WARN_EMPTY_BODY = YES;
				CLANG_WARN_ENUM_CONVERSION = YES;
				CLANG_WARN_INT_CONVERSION = YES;
				CLANG_WARN_OBJC_ROOT_CLASS = YES_ERROR;
				CLANG_WARN_UNREACHABLE_CODE = YES;
				CLANG_WARN__DUPLICATE_METHOD_MATCH = YES;
				COPY_PHASE_STRIP = NO;
				ENABLE_STRICT_OBJC_MSGSEND = YES;
				GCC_C_LANGUAGE_STANDARD = gnu99;
				GCC_DYNAMIC_NO_PIC = NO;
				GCC_OPTIMIZATION_LEVEL = 0;
				GCC_PREPROCESSOR_DEFINITIONS = (
					"DEBUG=1",
					"$(inherited)",
				);
				GCC_SYMBOLS_PRIVATE_EXTERN = NO;
				GCC_WARN_64_TO_32_BIT_CONVERSION = YES;
				GCC_WARN_ABOUT_RETURN_TYPE = YES_ERROR;
				GCC_WARN_UNDECLARED_SELECTOR = YES;
				GCC_WARN_UNINITIALIZED_AUTOS = YES_AGGRESSIVE;
				GCC_WARN_UNUSED_FUNCTION = YES;
				GCC_WARN_UNUSED_VARIABLE = YES;
				MACOSX_DEPLOYMENT_TARGET = 10.10;
				MTL_ENABLE_DEBUG_INFO = YES;
				ONLY_ACTIVE_ARCH = YES;
				SDKROOT = macosx;
			};
			name = Debug;
		};
		EB044D301A321B8700CE7187 /* Release */ = {
			isa = XCBuildConfiguration;
			buildSettings = {
				ALWAYS_SEARCH_USER_PATHS = NO;
				CLANG_CXX_LANGUAGE_STANDARD = "gnu++0x";
				CLANG_CXX_LIBRARY = "libc++";
				CLANG_ENABLE_MODULES = YES;
				CLANG_ENABLE_OBJC_ARC = YES;
				CLANG_WARN_BOOL_CONVERSION = YES;
				CLANG_WARN_CONSTANT_CONVERSION = YES;
				CLANG_WARN_DIRECT_OBJC_ISA_USAGE = YES_ERROR;
				CLANG_WARN_EMPTY_BODY = YES;
				CLANG_WARN_ENUM_CONVERSION = YES;
				CLANG_WARN_INT_CONVERSION = YES;
				CLANG_WARN_OBJC_ROOT_CLASS = YES_ERROR;
				CLANG_WARN_UNREACHABLE_CODE = YES;
				CLANG_WARN__DUPLICATE_METHOD_MATCH = YES;
				COPY_PHASE_STRIP = YES;
				DEBUG_INFORMATION_FORMAT = "dwarf-with-dsym";
				ENABLE_NS_ASSERTIONS = NO;
				ENABLE_STRICT_OBJC_MSGSEND = YES;
				GCC_C_LANGUAGE_STANDARD = gnu99;
				GCC_WARN_64_TO_32_BIT_CONVERSION = YES;
				GCC_WARN_ABOUT_RETURN_TYPE = YES_ERROR;
				GCC_WARN_UNDECLARED_SELECTOR = YES;
				GCC_WARN_UNINITIALIZED_AUTOS = YES_AGGRESSIVE;
				GCC_WARN_UNUSED_FUNCTION = YES;
				GCC_WARN_UNUSED_VARIABLE = YES;
				MACOSX_DEPLOYMENT_TARGET = 10.10;
				MTL_ENABLE_DEBUG_INFO = NO;
				SDKROOT = macosx;
			};
			name = Release;
		};
		EB044D321A321B8700CE7187 /* Debug */ = {
			isa = XCBuildConfiguration;
			buildSettings = {
				PRODUCT_NAME = "$(TARGET_NAME)";
			};
			name = Debug;
		};
		EB044D331A321B8700CE7187 /* Release */ = {
			isa = XCBuildConfiguration;
			buildSettings = {
				PRODUCT_NAME = "$(TARGET_NAME)";
			};
			name = Release;
		};
/* End XCBuildConfiguration section */

/* Begin XCConfigurationList section */
		EB044D251A321B8700CE7187 /* Build configuration list for PBXProject "BPA-Regionals" */ = {
			isa = XCConfigurationList;
			buildConfigurations = (
				EB044D2F1A321B8700CE7187 /* Debug */,
				EB044D301A321B8700CE7187 /* Release */,
			);
			defaultConfigurationIsVisible = 0;
			defaultConfigurationName = Release;
		};
		EB044D311A321B8700CE7187 /* Build configuration list for PBXNativeTarget "BPA-Regionals" */ = {
			isa = XCConfigurationList;
			buildConfigurations = (
				EB044D321A321B8700CE7187 /* Debug */,
				EB044D331A321B8700CE7187 /* Release */,
			);
			defaultConfigurationIsVisible = 0;
			defaultConfigurationName = Release;
		};
/* End XCConfigurationList section */
	};
	rootObject = EB044D221A321B8700CE7187 /* Project object */;
}
